// !$*UTF8*$!
{
	archiveVersion = 1;
	classes = {
	};
	objectVersion = 56;
	objects = {

/* Begin PBXFileReference section */
		FF0B20CF2B1722A3007A2620 /* 2884.swift */ = {isa = PBXFileReference; lastKnownFileType = sourcecode.swift; path = 2884.swift; sourceTree = "<group>"; };
		FF0B20D02B1722A3007A2620 /* 2753.swift */ = {isa = PBXFileReference; lastKnownFileType = sourcecode.swift; path = 2753.swift; sourceTree = "<group>"; };
		FF0B20D22B1722AB007A2620 /* 2753.py */ = {isa = PBXFileReference; lastKnownFileType = text.script.python; path = 2753.py; sourceTree = "<group>"; };
		FF6D88312A3AA56700AC3230 /* main.swift */ = {isa = PBXFileReference; lastKnownFileType = sourcecode.swift; path = main.swift; sourceTree = "<group>"; };
		FF6D88342A3AAC9B00AC3230 /* 1000.swift */ = {isa = PBXFileReference; lastKnownFileType = sourcecode.swift; path = 1000.swift; sourceTree = "<group>"; };
		FF6D88352A3AAEB600AC3230 /* 1001.swift */ = {isa = PBXFileReference; lastKnownFileType = sourcecode.swift; path = 1001.swift; sourceTree = "<group>"; };
		FF6D88362A3AAF4900AC3230 /* 1000.py */ = {isa = PBXFileReference; lastKnownFileType = text.script.python; path = 1000.py; sourceTree = "<group>"; };
		FF6D88382A3AB00E00AC3230 /* 1000.py */ = {isa = PBXFileReference; lastKnownFileType = text.script.python; path = 1000.py; sourceTree = "<group>"; };
		FF6D883B2A3AB04D00AC3230 /* 1000_map.py */ = {isa = PBXFileReference; lastKnownFileType = text.script.python; path = 1000_map.py; sourceTree = "<group>"; };
		FF6D883C2A3AB12000AC3230 /* 1000_listAndMap.py */ = {isa = PBXFileReference; lastKnownFileType = text.script.python; path = 1000_listAndMap.py; sourceTree = "<group>"; };
		FF6D883D2A3AB26200AC3230 /* 1001.py */ = {isa = PBXFileReference; lastKnownFileType = text.script.python; path = 1001.py; sourceTree = "<group>"; };
		FF8227722B43A5950098857D /* 2480.swift */ = {isa = PBXFileReference; lastKnownFileType = sourcecode.swift; path = 2480.swift; sourceTree = "<group>"; };
		FF8227A92B4505000098857D /* 14681.swift */ = {isa = PBXFileReference; lastKnownFileType = sourcecode.swift; path = 14681.swift; sourceTree = "<group>"; };
		FF8227AA2B464C5E0098857D /* 2739.swift */ = {isa = PBXFileReference; lastKnownFileType = sourcecode.swift; path = 2739.swift; sourceTree = "<group>"; };
		FF8227AB2B464E6B0098857D /* 10950.swift */ = {isa = PBXFileReference; lastKnownFileType = sourcecode.swift; path = 10950.swift; sourceTree = "<group>"; };
		FFB664F52A3E8C5E00EE57CD /* 1008.swift */ = {isa = PBXFileReference; lastKnownFileType = sourcecode.swift; path = 1008.swift; sourceTree = "<group>"; };
		FFB664F62A3FF52000EE57CD /* 1008.py */ = {isa = PBXFileReference; lastKnownFileType = text.script.python; path = 1008.py; sourceTree = "<group>"; };
		FFE5C7812B3D3E1C007CC310 /* 2525.swift */ = {isa = PBXFileReference; lastKnownFileType = sourcecode.swift; path = 2525.swift; sourceTree = "<group>"; };
		FFF5F1B42A3BEEED009179DC /* 10998.swift */ = {isa = PBXFileReference; lastKnownFileType = sourcecode.swift; path = 10998.swift; sourceTree = "<group>"; };
		FFF5F1B62A3BF2A6009179DC /* 10998.py */ = {isa = PBXFileReference; lastKnownFileType = text.script.python; path = 10998.py; sourceTree = "<group>"; };
/* End PBXFileReference section */

/* Begin PBXGroup section */
		FF0B20CE2B1722A3007A2620 /* 2000 */ = {
			isa = PBXGroup;
			children = (
				FF0B20CF2B1722A3007A2620 /* 2884.swift */,
				FF0B20D02B1722A3007A2620 /* 2753.swift */,
				FFE5C7812B3D3E1C007CC310 /* 2525.swift */,
				FF8227722B43A5950098857D /* 2480.swift */,
				FF8227AA2B464C5E0098857D /* 2739.swift */,
			);
			path = 2000;
			sourceTree = "<group>";
		};
		FF0B20D12B1722AB007A2620 /* 2000 */ = {
			isa = PBXGroup;
			children = (
				FF0B20D22B1722AB007A2620 /* 2753.py */,
			);
			path = 2000;
			sourceTree = "<group>";
		};
		FF6D88262A3AA51A00AC3230 = {
			isa = PBXGroup;
			children = (
				FF6D882D2A3AA52600AC3230 /* Swift */,
				FF6D882E2A3AA53100AC3230 /* Python */,
			);
			sourceTree = "<group>";
		};
		FF6D882D2A3AA52600AC3230 /* Swift */ = {
			isa = PBXGroup;
			children = (
				FF6D88312A3AA56700AC3230 /* main.swift */,
				FF6D882F2A3AA53C00AC3230 /* BJ */,
			);
			path = Swift;
			sourceTree = "<group>";
		};
		FF6D882E2A3AA53100AC3230 /* Python */ = {
			isa = PBXGroup;
			children = (
				FF6D88302A3AA54900AC3230 /* BJ */,
			);
			path = Python;
			sourceTree = "<group>";
		};
		FF6D882F2A3AA53C00AC3230 /* BJ */ = {
			isa = PBXGroup;
			children = (
				FF0B20CE2B1722A3007A2620 /* 2000 */,
				FFF5F1B52A3BF282009179DC /* 10000 */,
				FF6D88322A3AA57500AC3230 /* 1000 */,
			);
			path = BJ;
			sourceTree = "<group>";
		};
		FF6D88302A3AA54900AC3230 /* BJ */ = {
			isa = PBXGroup;
			children = (
				FF0B20D12B1722AB007A2620 /* 2000 */,
				FFF5F1B72A3BF2BD009179DC /* 10000 */,
				FF6D88392A3AB01800AC3230 /* 기초 */,
				FF6D88372A3AAFD600AC3230 /* 사칙연산 */,
				FF6D88332A3AA57C00AC3230 /* 1000 */,
			);
			path = BJ;
			sourceTree = "<group>";
		};
		FF6D88322A3AA57500AC3230 /* 1000 */ = {
			isa = PBXGroup;
			children = (
				FF6D88342A3AAC9B00AC3230 /* 1000.swift */,
				FF6D88352A3AAEB600AC3230 /* 1001.swift */,
				FFB664F52A3E8C5E00EE57CD /* 1008.swift */,
			);
			path = 1000;
			sourceTree = "<group>";
		};
		FF6D88332A3AA57C00AC3230 /* 1000 */ = {
			isa = PBXGroup;
			children = (
				FFF5F1B62A3BF2A6009179DC /* 10998.py */,
				FF6D88382A3AB00E00AC3230 /* 1000.py */,
			);
			path = 1000;
			sourceTree = "<group>";
		};
		FF6D88372A3AAFD600AC3230 /* 사칙연산 */ = {
			isa = PBXGroup;
			children = (
				FF6D88362A3AAF4900AC3230 /* 1000.py */,
				FF6D883D2A3AB26200AC3230 /* 1001.py */,
				FFB664F62A3FF52000EE57CD /* 1008.py */,
			);
			name = "사칙연산";
			path = "사칙연산";
			sourceTree = "<group>";
		};
		FF6D88392A3AB01800AC3230 /* 기초 */ = {
			isa = PBXGroup;
			children = (
				FF6D883B2A3AB04D00AC3230 /* 1000_map.py */,
				FF6D883C2A3AB12000AC3230 /* 1000_listAndMap.py */,
			);
			name = "기초";
			path = "기초";
			sourceTree = "<group>";
		};
		FFF5F1B52A3BF282009179DC /* 10000 */ = {
			isa = PBXGroup;
			children = (
				FFF5F1B42A3BEEED009179DC /* 10998.swift */,
				FF8227A92B4505000098857D /* 14681.swift */,
				FF8227AB2B464E6B0098857D /* 10950.swift */,
			);
			path = 10000;
			sourceTree = "<group>";
		};
		FFF5F1B72A3BF2BD009179DC /* 10000 */ = {
			isa = PBXGroup;
			children = (
			);
			path = 10000;
			sourceTree = "<group>";
		};
/* End PBXGroup section */

/* Begin PBXProject section */
		FF6D88272A3AA51A00AC3230 /* Project object */ = {
			isa = PBXProject;
			attributes = {
				BuildIndependentTargetsInParallel = 1;
				LastUpgradeCheck = 1420;
			};
			buildConfigurationList = FF6D882A2A3AA51A00AC3230 /* Build configuration list for PBXProject "Algorithm" */;
			compatibilityVersion = "Xcode 14.0";
			developmentRegion = en;
			hasScannedForEncodings = 0;
			knownRegions = (
				en,
				Base,
			);
			mainGroup = FF6D88262A3AA51A00AC3230;
			projectDirPath = "";
			projectRoot = "";
			targets = (
			);
		};
/* End PBXProject section */

/* Begin XCBuildConfiguration section */
		FF6D882B2A3AA51A00AC3230 /* Debug */ = {
			isa = XCBuildConfiguration;
			buildSettings = {
			};
			name = Debug;
		};
		FF6D882C2A3AA51A00AC3230 /* Release */ = {
			isa = XCBuildConfiguration;
			buildSettings = {
			};
			name = Release;
		};
/* End XCBuildConfiguration section */

/* Begin XCConfigurationList section */
		FF6D882A2A3AA51A00AC3230 /* Build configuration list for PBXProject "Algorithm" */ = {
			isa = XCConfigurationList;
			buildConfigurations = (
				FF6D882B2A3AA51A00AC3230 /* Debug */,
				FF6D882C2A3AA51A00AC3230 /* Release */,
			);
			defaultConfigurationIsVisible = 0;
			defaultConfigurationName = Release;
		};
/* End XCConfigurationList section */
	};
	rootObject = FF6D88272A3AA51A00AC3230 /* Project object */;
}
